lockfileVersion: '6.1'

settings:
  autoInstallPeers: true
  excludeLinksFromLockfile: false

importers:

  .:
    dependencies:
      '@rollup/plugin-commonjs':
        specifier: ^25.0.0
        version: registry.npmmirror.com/@rollup/plugin-commonjs@25.0.0(rollup@2.78.0)
      '@rollup/plugin-json':
        specifier: ^6.0.0
        version: registry.npmmirror.com/@rollup/plugin-json@6.0.0(rollup@2.78.0)
      '@rollup/plugin-node-resolve':
        specifier: ^15.1.0
        version: registry.npmmirror.com/@rollup/plugin-node-resolve@15.1.0(rollup@2.78.0)
      rollup-plugin-dts:
        specifier: ^5.3.0
        version: registry.npmmirror.com/rollup-plugin-dts@5.3.0(rollup@2.78.0)(typescript@4.9.4)
      rollup-plugin-uglify:
        specifier: ^6.0.4
        version: registry.npmmirror.com/rollup-plugin-uglify@6.0.4(rollup@2.78.0)
    devDependencies:
      rollup:
        specifier: ^2.78.0
        version: registry.npmmirror.com/rollup@2.78.0
      rollup-plugin-typescript2:
        specifier: ^0.34.1
        version: registry.npmmirror.com/rollup-plugin-typescript2@0.34.1(rollup@2.78.0)(typescript@4.9.4)
      typescript:
        specifier: ^4.9.4
        version: registry.npmmirror.com/typescript@4.9.4

  packages/common: {}

  packages/core:
    dependencies:
      '@rmonitor/types':
        specifier: workspace:^
        version: link:../types

  packages/performance: {}

  packages/recordscreen: {}

  packages/types:
    dependencies:
      '@rmonitor/core':
        specifier: workspace:^
        version: link:../core

  packages/utils: {}

packages:

  registry.npmmirror.com/@babel/code-frame@7.21.4:
    resolution: {integrity: sha512-LYvhNKfwWSPpocw8GI7gpK2nq3HSDuEPC/uSYaALSJu9xjsalaaYFOq0Pwt5KmVqwEbZlDu81aLXwBOmD/Fv9g==, registry: https://registry.npm.taobao.org/, tarball: https://registry.npmmirror.com/@babel/code-frame/-/code-frame-7.21.4.tgz}
    name: '@babel/code-frame'
    version: 7.21.4
    engines: {node: '>=6.9.0'}
    dependencies:
      '@babel/highlight': registry.npmmirror.com/@babel/highlight@7.18.6
    dev: false

  registry.npmmirror.com/@babel/helper-validator-identifier@7.19.1:
    resolution: {integrity: sha512-awrNfaMtnHUr653GgGEs++LlAvW6w+DcPrOliSMXWCKo597CwL5Acf/wWdNkf/tfEQE3mjkeD1YOVZOUV/od1w==, registry: https://registry.npm.taobao.org/, tarball: https://registry.npmmirror.com/@babel/helper-validator-identifier/-/helper-validator-identifier-7.19.1.tgz}
    name: '@babel/helper-validator-identifier'
    version: 7.19.1
    engines: {node: '>=6.9.0'}
    dev: false

  registry.npmmirror.com/@babel/highlight@7.18.6:
    resolution: {integrity: sha512-u7stbOuYjaPezCuLj29hNW1v64M2Md2qupEKP1fHc7WdOA3DgLh37suiSrZYY7haUB7iBeQZ9P1uiRF359do3g==, registry: https://registry.npm.taobao.org/, tarball: https://registry.npmmirror.com/@babel/highlight/-/highlight-7.18.6.tgz}
    name: '@babel/highlight'
    version: 7.18.6
    engines: {node: '>=6.9.0'}
    dependencies:
      '@babel/helper-validator-identifier': registry.npmmirror.com/@babel/helper-validator-identifier@7.19.1
      chalk: registry.npmmirror.com/chalk@2.4.2
      js-tokens: registry.npmmirror.com/js-tokens@4.0.0
    dev: false

  registry.npmmirror.com/@jridgewell/sourcemap-codec@1.4.15:
    resolution: {integrity: sha512-eF2rxCRulEKXHTRiDrDy6erMYWqNw4LPdQ8UQA4huuxaQsVeRPFl2oM8oDGxMFhJUWZf9McpLtJasDDZb/Bpeg==, registry: https://registry.npm.taobao.org/, tarball: https://registry.npmmirror.com/@jridgewell/sourcemap-codec/-/sourcemap-codec-1.4.15.tgz}
    name: '@jridgewell/sourcemap-codec'
    version: 1.4.15
    dev: false

  registry.npmmirror.com/@rollup/plugin-commonjs@25.0.0(rollup@2.78.0):
    resolution: {integrity: sha512-hoho2Kay9TZrLu0bnDsTTCaj4Npa+THk9snajP/XDNb9a9mmjTjh52EQM9sKl3HD1LsnihX7js+eA2sd2uKAhw==, registry: https://registry.npm.taobao.org/, tarball: https://registry.npmmirror.com/@rollup/plugin-commonjs/-/plugin-commonjs-25.0.0.tgz}
    id: registry.npmmirror.com/@rollup/plugin-commonjs/25.0.0
    name: '@rollup/plugin-commonjs'
    version: 25.0.0
    engines: {node: '>=14.0.0'}
    peerDependencies:
      rollup: ^2.68.0||^3.0.0
    peerDependenciesMeta:
      rollup:
        optional: true
    dependencies:
      '@rollup/pluginutils': registry.npmmirror.com/@rollup/pluginutils@5.0.2(rollup@2.78.0)
      commondir: registry.npmmirror.com/commondir@1.0.1
      estree-walker: registry.npmmirror.com/estree-walker@2.0.2
      glob: registry.npmmirror.com/glob@8.1.0
      is-reference: registry.npmmirror.com/is-reference@1.2.1
      magic-string: registry.npmmirror.com/magic-string@0.27.0
      rollup: registry.npmmirror.com/rollup@2.78.0
    dev: false

  registry.npmmirror.com/@rollup/plugin-json@6.0.0(rollup@2.78.0):
    resolution: {integrity: sha512-i/4C5Jrdr1XUarRhVu27EEwjt4GObltD7c+MkCIpO2QIbojw8MUs+CCTqOphQi3Qtg1FLmYt+l+6YeoIf51J7w==, registry: https://registry.npm.taobao.org/, tarball: https://registry.npmmirror.com/@rollup/plugin-json/-/plugin-json-6.0.0.tgz}
    id: registry.npmmirror.com/@rollup/plugin-json/6.0.0
    name: '@rollup/plugin-json'
    version: 6.0.0
    engines: {node: '>=14.0.0'}
    peerDependencies:
      rollup: ^1.20.0||^2.0.0||^3.0.0
    peerDependenciesMeta:
      rollup:
        optional: true
    dependencies:
      '@rollup/pluginutils': registry.npmmirror.com/@rollup/pluginutils@5.0.2(rollup@2.78.0)
      rollup: registry.npmmirror.com/rollup@2.78.0
    dev: false

  registry.npmmirror.com/@rollup/plugin-node-resolve@15.1.0(rollup@2.78.0):
    resolution: {integrity: sha512-xeZHCgsiZ9pzYVgAo9580eCGqwh/XCEUM9q6iQfGNocjgkufHAqC3exA+45URvhiYV8sBF9RlBai650eNs7AsA==, registry: https://registry.npm.taobao.org/, tarball: https://registry.npmmirror.com/@rollup/plugin-node-resolve/-/plugin-node-resolve-15.1.0.tgz}
    id: registry.npmmirror.com/@rollup/plugin-node-resolve/15.1.0
    name: '@rollup/plugin-node-resolve'
    version: 15.1.0
    engines: {node: '>=14.0.0'}
    peerDependencies:
      rollup: ^2.78.0||^3.0.0
    peerDependenciesMeta:
      rollup:
        optional: true
    dependencies:
      '@rollup/pluginutils': registry.npmmirror.com/@rollup/pluginutils@5.0.2(rollup@2.78.0)
      '@types/resolve': registry.npmmirror.com/@types/resolve@1.20.2
      deepmerge: registry.npmmirror.com/deepmerge@4.3.1
      is-builtin-module: registry.npmmirror.com/is-builtin-module@3.2.1
      is-module: registry.npmmirror.com/is-module@1.0.0
      resolve: registry.npmmirror.com/resolve@1.22.2
      rollup: registry.npmmirror.com/rollup@2.78.0
    dev: false

  registry.npmmirror.com/@rollup/pluginutils@4.2.1:
    resolution: {integrity: sha512-iKnFXr7NkdZAIHiIWE+BX5ULi/ucVFYWD6TbAV+rZctiRTY2PL6tsIKhoIOaoskiWAkgu+VsbXgUVDNLHf+InQ==, registry: https://registry.npm.taobao.org/, tarball: https://registry.npmmirror.com/@rollup/pluginutils/-/pluginutils-4.2.1.tgz}
    name: '@rollup/pluginutils'
    version: 4.2.1
    engines: {node: '>= 8.0.0'}
    dependencies:
      estree-walker: registry.npmmirror.com/estree-walker@2.0.2
      picomatch: registry.npmmirror.com/picomatch@2.3.1
    dev: true

  registry.npmmirror.com/@rollup/pluginutils@5.0.2(rollup@2.78.0):
    resolution: {integrity: sha512-pTd9rIsP92h+B6wWwFbW8RkZv4hiR/xKsqre4SIuAOaOEQRxi0lqLke9k2/7WegC85GgUs9pjmOjCUi3In4vwA==, registry: https://registry.npm.taobao.org/, tarball: https://registry.npmmirror.com/@rollup/pluginutils/-/pluginutils-5.0.2.tgz}
    id: registry.npmmirror.com/@rollup/pluginutils/5.0.2
    name: '@rollup/pluginutils'
    version: 5.0.2
    engines: {node: '>=14.0.0'}
    peerDependencies:
      rollup: ^1.20.0||^2.0.0||^3.0.0
    peerDependenciesMeta:
      rollup:
        optional: true
    dependencies:
      '@types/estree': registry.npmmirror.com/@types/estree@1.0.1
      estree-walker: registry.npmmirror.com/estree-walker@2.0.2
      picomatch: registry.npmmirror.com/picomatch@2.3.1
      rollup: registry.npmmirror.com/rollup@2.78.0
    dev: false

  registry.npmmirror.com/@types/estree@1.0.1:
    resolution: {integrity: sha512-LG4opVs2ANWZ1TJoKc937iMmNstM/d0ae1vNbnBvBhqCSezgVUOzcLCqbI5elV8Vy6WKwKjaqR+zO9VKirBBCA==, registry: https://registry.npm.taobao.org/, tarball: https://registry.npmmirror.com/@types/estree/-/estree-1.0.1.tgz}
    name: '@types/estree'
    version: 1.0.1
    dev: false

  registry.npmmirror.com/@types/resolve@1.20.2:
    resolution: {integrity: sha512-60BCwRFOZCQhDncwQdxxeOEEkbc5dIMccYLwbxsS4TUNeVECQ/pBJ0j09mrHOl/JJvpRPGwO9SvE4nR2Nb/a4Q==, registry: https://registry.npm.taobao.org/, tarball: https://registry.npmmirror.com/@types/resolve/-/resolve-1.20.2.tgz}
    name: '@types/resolve'
    version: 1.20.2
    dev: false

  registry.npmmirror.com/ansi-styles@3.2.1:
    resolution: {integrity: sha512-VT0ZI6kZRdTh8YyJw3SMbYm/u+NqfsAxEpWO0Pf9sq8/e94WxxOpPKx9FR1FlyCtOVDNOQ+8ntlqFxiRc+r5qA==, registry: https://registry.npm.taobao.org/, tarball: https://registry.npmmirror.com/ansi-styles/-/ansi-styles-3.2.1.tgz}
    name: ansi-styles
    version: 3.2.1
    engines: {node: '>=4'}
    dependencies:
      color-convert: registry.npmmirror.com/color-convert@1.9.3
    dev: false

  registry.npmmirror.com/balanced-match@1.0.2:
    resolution: {integrity: sha512-3oSeUO0TMV67hN1AmbXsK4yaqU7tjiHlbxRDZOpH0KW9+CeX4bRAaX0Anxt0tx2MrpRpWwQaPwIlISEJhYU5Pw==, registry: https://registry.npm.taobao.org/, tarball: https://registry.npmmirror.com/balanced-match/-/balanced-match-1.0.2.tgz}
    name: balanced-match
    version: 1.0.2
    dev: false

  registry.npmmirror.com/brace-expansion@2.0.1:
    resolution: {integrity: sha512-XnAIvQ8eM+kC6aULx6wuQiwVsnzsi9d3WxzV3FpWTGA19F621kwdbsAcFKXgKUHZWsy+mY6iL1sHTxWEFCytDA==, registry: https://registry.npm.taobao.org/, tarball: https://registry.npmmirror.com/brace-expansion/-/brace-expansion-2.0.1.tgz}
    name: brace-expansion
    version: 2.0.1
    dependencies:
      balanced-match: registry.npmmirror.com/balanced-match@1.0.2
    dev: false

  registry.npmmirror.com/builtin-modules@3.3.0:
    resolution: {integrity: sha512-zhaCDicdLuWN5UbN5IMnFqNMhNfo919sH85y2/ea+5Yg9TsTkeZxpL+JLbp6cgYFS4sRLp3YV4S6yDuqVWHYOw==, registry: https://registry.npm.taobao.org/, tarball: https://registry.npmmirror.com/builtin-modules/-/builtin-modules-3.3.0.tgz}
    name: builtin-modules
    version: 3.3.0
    engines: {node: '>=6'}
    dev: false

  registry.npmmirror.com/chalk@2.4.2:
    resolution: {integrity: sha512-Mti+f9lpJNcwF4tWV8/OrTTtF1gZi+f8FqlyAdouralcFWFQWF2+NgCHShjkCb+IFBLq9buZwE1xckQU4peSuQ==, registry: https://registry.npm.taobao.org/, tarball: https://registry.npmmirror.com/chalk/-/chalk-2.4.2.tgz}
    name: chalk
    version: 2.4.2
    engines: {node: '>=4'}
    dependencies:
      ansi-styles: registry.npmmirror.com/ansi-styles@3.2.1
      escape-string-regexp: registry.npmmirror.com/escape-string-regexp@1.0.5
      supports-color: registry.npmmirror.com/supports-color@5.5.0
    dev: false

  registry.npmmirror.com/color-convert@1.9.3:
    resolution: {integrity: sha512-QfAUtd+vFdAtFQcC8CCyYt1fYWxSqAiK2cSD6zDB8N3cpsEBAvRxp9zOGg6G/SHHJYAT88/az/IuDGALsNVbGg==, registry: https://registry.npm.taobao.org/, tarball: https://registry.npmmirror.com/color-convert/-/color-convert-1.9.3.tgz}
    name: color-convert
    version: 1.9.3
    dependencies:
      color-name: registry.npmmirror.com/color-name@1.1.3
    dev: false

  registry.npmmirror.com/color-name@1.1.3:
    resolution: {integrity: sha512-72fSenhMw2HZMTVHeCA9KCmpEIbzWiQsjN+BHcBbS9vr1mtt+vJjPdksIBNUmKAW8TFUDPJK5SUU3QhE9NEXDw==, registry: https://registry.npm.taobao.org/, tarball: https://registry.npmmirror.com/color-name/-/color-name-1.1.3.tgz}
    name: color-name
    version: 1.1.3
    dev: false

  registry.npmmirror.com/commondir@1.0.1:
    resolution: {integrity: sha512-W9pAhw0ja1Edb5GVdIF1mjZw/ASI0AlShXM83UUGe2DVr5TdAPEA1OA8m/g8zWp9x6On7gqufY+FatDbC3MDQg==, registry: https://registry.npm.taobao.org/, tarball: https://registry.npmmirror.com/commondir/-/commondir-1.0.1.tgz}
    name: commondir
    version: 1.0.1

  registry.npmmirror.com/deepmerge@4.3.1:
    resolution: {integrity: sha512-3sUqbMEc77XqpdNO7FRyRog+eW3ph+GYCbj+rK+uYyRMuwsVy0rMiVtPn+QJlKFvWP/1PYpapqYn0Me2knFn+A==, registry: https://registry.npm.taobao.org/, tarball: https://registry.npmmirror.com/deepmerge/-/deepmerge-4.3.1.tgz}
    name: deepmerge
    version: 4.3.1
    engines: {node: '>=0.10.0'}
    dev: false

  registry.npmmirror.com/escape-string-regexp@1.0.5:
    resolution: {integrity: sha512-vbRorB5FUQWvla16U8R/qgaFIya2qGzwDrNmCZuYKrbdSUMG6I1ZCGQRefkRVhuOkIGVne7BQ35DSfo1qvJqFg==, registry: https://registry.npm.taobao.org/, tarball: https://registry.npmmirror.com/escape-string-regexp/-/escape-string-regexp-1.0.5.tgz}
    name: escape-string-regexp
    version: 1.0.5
    engines: {node: '>=0.8.0'}
    dev: false

  registry.npmmirror.com/estree-walker@2.0.2:
    resolution: {integrity: sha512-Rfkk/Mp/DL7JVje3u18FxFujQlTNR2q6QfMSMB7AvCBx91NGj/ba3kCfza0f6dVDbw7YlRf/nDrn7pQrCCyQ/w==, registry: https://registry.npm.taobao.org/, tarball: https://registry.npmmirror.com/estree-walker/-/estree-walker-2.0.2.tgz}
    name: estree-walker
    version: 2.0.2

  registry.npmmirror.com/find-cache-dir@3.3.2:
    resolution: {integrity: sha512-wXZV5emFEjrridIgED11OoUKLxiYjAcqot/NJdAkOhlJ+vGzwhOAfcG5OX1jP+S0PcjEn8bdMJv+g2jwQ3Onig==, registry: https://registry.npm.taobao.org/, tarball: https://registry.npmmirror.com/find-cache-dir/-/find-cache-dir-3.3.2.tgz}
    name: find-cache-dir
    version: 3.3.2
    engines: {node: '>=8'}
    dependencies:
      commondir: registry.npmmirror.com/commondir@1.0.1
      make-dir: registry.npmmirror.com/make-dir@3.1.0
      pkg-dir: registry.npmmirror.com/pkg-dir@4.2.0
    dev: true

  registry.npmmirror.com/find-up@4.1.0:
    resolution: {integrity: sha512-PpOwAdQ/YlXQ2vj8a3h8IipDuYRi3wceVQQGYWxNINccq40Anw7BlsEXCMbt1Zt+OLA6Fq9suIpIWD0OsnISlw==, registry: https://registry.npm.taobao.org/, tarball: https://registry.npmmirror.com/find-up/-/find-up-4.1.0.tgz}
    name: find-up
    version: 4.1.0
    engines: {node: '>=8'}
    dependencies:
      locate-path: registry.npmmirror.com/locate-path@5.0.0
      path-exists: registry.npmmirror.com/path-exists@4.0.0
    dev: true

  registry.npmmirror.com/fs-extra@10.1.0:
    resolution: {integrity: sha512-oRXApq54ETRj4eMiFzGnHWGy+zo5raudjuxN0b8H7s/RU2oW0Wvsx9O0ACRN/kRq9E8Vu/ReskGB5o3ji+FzHQ==, registry: https://registry.npm.taobao.org/, tarball: https://registry.npmmirror.com/fs-extra/-/fs-extra-10.1.0.tgz}
    name: fs-extra
    version: 10.1.0
    engines: {node: '>=12'}
    dependencies:
      graceful-fs: registry.npmmirror.com/graceful-fs@4.2.11
      jsonfile: registry.npmmirror.com/jsonfile@6.1.0
      universalify: registry.npmmirror.com/universalify@2.0.0
    dev: true

  registry.npmmirror.com/fs.realpath@1.0.0:
    resolution: {integrity: sha512-OO0pH2lK6a0hZnAdau5ItzHPI6pUlvI7jMVnxUQRtw4owF2wk8lOSabtGDCTP4Ggrg2MbGnWO9X8K1t4+fGMDw==, registry: https://registry.npm.taobao.org/, tarball: https://registry.npmmirror.com/fs.realpath/-/fs.realpath-1.0.0.tgz}
    name: fs.realpath
    version: 1.0.0
    dev: false

  registry.npmmirror.com/fsevents@2.3.2:
    resolution: {integrity: sha512-xiqMQR4xAeHTuB9uWm+fFRcIOgKBMiOBP+eXiyT7jsgVCq1bkVygt00oASowB7EdtpOHaaPgKt812P9ab+DDKA==, registry: https://registry.npm.taobao.org/, tarball: https://registry.npmmirror.com/fsevents/-/fsevents-2.3.2.tgz}
    name: fsevents
    version: 2.3.2
    engines: {node: ^8.16.0 || ^10.6.0 || >=11.0.0}
    os: [darwin]
    requiresBuild: true
    optional: true

  registry.npmmirror.com/function-bind@1.1.1:
    resolution: {integrity: sha512-yIovAzMX49sF8Yl58fSCWJ5svSLuaibPxXQJFLmBObTuCr0Mf1KiPopGM9NiFjiYBCbfaa2Fh6breQ6ANVTI0A==, registry: https://registry.npm.taobao.org/, tarball: https://registry.npmmirror.com/function-bind/-/function-bind-1.1.1.tgz}
    name: function-bind
    version: 1.1.1
    dev: false

  registry.npmmirror.com/glob@8.1.0:
    resolution: {integrity: sha512-r8hpEjiQEYlF2QU0df3dS+nxxSIreXQS1qRhMJM0Q5NDdR386C7jb7Hwwod8Fgiuex+k0GFjgft18yvxm5XoCQ==, registry: https://registry.npm.taobao.org/, tarball: https://registry.npmmirror.com/glob/-/glob-8.1.0.tgz}
    name: glob
    version: 8.1.0
    engines: {node: '>=12'}
    dependencies:
      fs.realpath: registry.npmmirror.com/fs.realpath@1.0.0
      inflight: registry.npmmirror.com/inflight@1.0.6
      inherits: registry.npmmirror.com/inherits@2.0.4
      minimatch: registry.npmmirror.com/minimatch@5.1.6
      once: registry.npmmirror.com/once@1.4.0
    dev: false

  registry.npmmirror.com/graceful-fs@4.2.11:
    resolution: {integrity: sha512-RbJ5/jmFcNNCcDV5o9eTnBLJ/HszWV0P73bc+Ff4nS/rJj+YaS6IGyiOL0VoBYX+l1Wrl3k63h/KrH+nhJ0XvQ==, registry: https://registry.npm.taobao.org/, tarball: https://registry.npmmirror.com/graceful-fs/-/graceful-fs-4.2.11.tgz}
    name: graceful-fs
    version: 4.2.11
    dev: true

  registry.npmmirror.com/has-flag@3.0.0:
    resolution: {integrity: sha512-sKJf1+ceQBr4SMkvQnBDNDtf4TXpVhVGateu0t918bl30FnbE2m4vNLX+VWe/dpjlb+HugGYzW7uQXH98HPEYw==, registry: https://registry.npm.taobao.org/, tarball: https://registry.npmmirror.com/has-flag/-/has-flag-3.0.0.tgz}
    name: has-flag
    version: 3.0.0
    engines: {node: '>=4'}
    dev: false

  registry.npmmirror.com/has@1.0.3:
    resolution: {integrity: sha512-f2dvO0VU6Oej7RkWJGrehjbzMAjFp5/VKPp5tTpWIV4JHHZK1/BxbFRtf/siA2SWTe09caDmVtYYzWEIbBS4zw==, registry: https://registry.npm.taobao.org/, tarball: https://registry.npmmirror.com/has/-/has-1.0.3.tgz}
    name: has
    version: 1.0.3
    engines: {node: '>= 0.4.0'}
    dependencies:
      function-bind: registry.npmmirror.com/function-bind@1.1.1
    dev: false

  registry.npmmirror.com/inflight@1.0.6:
    resolution: {integrity: sha512-k92I/b08q4wvFscXCLvqfsHCrjrF7yiXsQuIVvVE7N82W3+aqpzuUdBbfhWcy/FZR3/4IgflMgKLOsvPDrGCJA==, registry: https://registry.npm.taobao.org/, tarball: https://registry.npmmirror.com/inflight/-/inflight-1.0.6.tgz}
    name: inflight
    version: 1.0.6
    dependencies:
      once: registry.npmmirror.com/once@1.4.0
      wrappy: registry.npmmirror.com/wrappy@1.0.2
    dev: false

  registry.npmmirror.com/inherits@2.0.4:
    resolution: {integrity: sha512-k/vGaX4/Yla3WzyMCvTQOXYeIHvqOKtnqBduzTHpzpQZzAskKMhZ2K+EnBiSM9zGSoIFeMpXKxa4dYeZIQqewQ==, registry: https://registry.npm.taobao.org/, tarball: https://registry.npmmirror.com/inherits/-/inherits-2.0.4.tgz}
    name: inherits
    version: 2.0.4
    dev: false

  registry.npmmirror.com/is-builtin-module@3.2.1:
    resolution: {integrity: sha512-BSLE3HnV2syZ0FK0iMA/yUGplUeMmNz4AW5fnTunbCIqZi4vG3WjJT9FHMy5D69xmAYBHXQhJdALdpwVxV501A==, registry: https://registry.npm.taobao.org/, tarball: https://registry.npmmirror.com/is-builtin-module/-/is-builtin-module-3.2.1.tgz}
    name: is-builtin-module
    version: 3.2.1
    engines: {node: '>=6'}
    dependencies:
      builtin-modules: registry.npmmirror.com/builtin-modules@3.3.0
    dev: false

  registry.npmmirror.com/is-core-module@2.12.1:
    resolution: {integrity: sha512-Q4ZuBAe2FUsKtyQJoQHlvP8OvBERxO3jEmy1I7hcRXcJBGGHFh/aJBswbXuS9sgrDH2QUO8ilkwNPHvHMd8clg==, registry: https://registry.npm.taobao.org/, tarball: https://registry.npmmirror.com/is-core-module/-/is-core-module-2.12.1.tgz}
    name: is-core-module
    version: 2.12.1
    dependencies:
      has: registry.npmmirror.com/has@1.0.3
    dev: false

  registry.npmmirror.com/is-module@1.0.0:
    resolution: {integrity: sha512-51ypPSPCoTEIN9dy5Oy+h4pShgJmPCygKfyRCISBI+JoWT/2oJvK8QPxmwv7b/p239jXrm9M1mlQbyKJ5A152g==, registry: https://registry.npm.taobao.org/, tarball: https://registry.npmmirror.com/is-module/-/is-module-1.0.0.tgz}
    name: is-module
    version: 1.0.0
    dev: false

  registry.npmmirror.com/is-reference@1.2.1:
    resolution: {integrity: sha512-U82MsXXiFIrjCK4otLT+o2NA2Cd2g5MLoOVXUZjIOhLurrRxpEXzI8O0KZHr3IjLvlAH1kTPYSuqer5T9ZVBKQ==, registry: https://registry.npm.taobao.org/, tarball: https://registry.npmmirror.com/is-reference/-/is-reference-1.2.1.tgz}
    name: is-reference
    version: 1.2.1
    dependencies:
      '@types/estree': registry.npmmirror.com/@types/estree@1.0.1
    dev: false

  registry.npmmirror.com/jest-worker@24.9.0:
    resolution: {integrity: sha512-51PE4haMSXcHohnSMdM42anbvZANYTqMrr52tVKPqqsPJMzoP6FYYDVqahX/HrAoKEKz3uUPzSvKs9A3qR4iVw==, registry: https://registry.npm.taobao.org/, tarball: https://registry.npmmirror.com/jest-worker/-/jest-worker-24.9.0.tgz}
    name: jest-worker
    version: 24.9.0
    engines: {node: '>= 6'}
    dependencies:
      merge-stream: registry.npmmirror.com/merge-stream@2.0.0
      supports-color: registry.npmmirror.com/supports-color@6.1.0
    dev: false

  registry.npmmirror.com/js-tokens@4.0.0:
    resolution: {integrity: sha512-RdJUflcE3cUzKiMqQgsCu06FPu9UdIJO0beYbPhHN4k6apgJtifcoCtT9bcxOpYBtpD2kCM6Sbzg4CausW/PKQ==, registry: https://registry.npm.taobao.org/, tarball: https://registry.npmmirror.com/js-tokens/-/js-tokens-4.0.0.tgz}
    name: js-tokens
    version: 4.0.0
    dev: false

  registry.npmmirror.com/jsonfile@6.1.0:
    resolution: {integrity: sha512-5dgndWOriYSm5cnYaJNhalLNDKOqFwyDB/rr1E9ZsGciGvKPs8R2xYGCacuf3z6K1YKDz182fd+fY3cn3pMqXQ==, registry: https://registry.npm.taobao.org/, tarball: https://registry.npmmirror.com/jsonfile/-/jsonfile-6.1.0.tgz}
    name: jsonfile
    version: 6.1.0
    dependencies:
      universalify: registry.npmmirror.com/universalify@2.0.0
    optionalDependencies:
      graceful-fs: registry.npmmirror.com/graceful-fs@4.2.11
    dev: true

  registry.npmmirror.com/locate-path@5.0.0:
    resolution: {integrity: sha512-t7hw9pI+WvuwNJXwk5zVHpyhIqzg2qTlklJOf0mVxGSbe3Fp2VieZcduNYjaLDoy6p9uGpQEGWG87WpMKlNq8g==, registry: https://registry.npm.taobao.org/, tarball: https://registry.npmmirror.com/locate-path/-/locate-path-5.0.0.tgz}
    name: locate-path
    version: 5.0.0
    engines: {node: '>=8'}
    dependencies:
      p-locate: registry.npmmirror.com/p-locate@4.1.0
    dev: true

  registry.npmmirror.com/lru-cache@6.0.0:
    resolution: {integrity: sha512-Jo6dJ04CmSjuznwJSS3pUeWmd/H0ffTlkXXgwZi+eq1UCmqQwCh+eLsYOYCwY991i2Fah4h1BEMCx4qThGbsiA==, registry: https://registry.npm.taobao.org/, tarball: https://registry.npmmirror.com/lru-cache/-/lru-cache-6.0.0.tgz}
    name: lru-cache
    version: 6.0.0
    engines: {node: '>=10'}
    dependencies:
      yallist: registry.npmmirror.com/yallist@4.0.0
    dev: true

  registry.npmmirror.com/magic-string@0.27.0:
    resolution: {integrity: sha512-8UnnX2PeRAPZuN12svgR9j7M1uWMovg/CEnIwIG0LFkXSJJe4PdfUGiTGl8V9bsBHFUtfVINcSyYxd7q+kx9fA==, registry: https://registry.npm.taobao.org/, tarball: https://registry.npmmirror.com/magic-string/-/magic-string-0.27.0.tgz}
    name: magic-string
    version: 0.27.0
    engines: {node: '>=12'}
    dependencies:
      '@jridgewell/sourcemap-codec': registry.npmmirror.com/@jridgewell/sourcemap-codec@1.4.15
    dev: false

  registry.npmmirror.com/magic-string@0.30.0:
    resolution: {integrity: sha512-LA+31JYDJLs82r2ScLrlz1GjSgu66ZV518eyWT+S8VhyQn/JL0u9MeBOvQMGYiPk1DBiSN9DDMOcXvigJZaViQ==, registry: https://registry.npm.taobao.org/, tarball: https://registry.npmmirror.com/magic-string/-/magic-string-0.30.0.tgz}
    name: magic-string
    version: 0.30.0
    engines: {node: '>=12'}
    dependencies:
      '@jridgewell/sourcemap-codec': registry.npmmirror.com/@jridgewell/sourcemap-codec@1.4.15
    dev: false

  registry.npmmirror.com/make-dir@3.1.0:
    resolution: {integrity: sha512-g3FeP20LNwhALb/6Cz6Dd4F2ngze0jz7tbzrD2wAV+o9FeNHe4rL+yK2md0J/fiSf1sa1ADhXqi5+oVwOM/eGw==, registry: https://registry.npm.taobao.org/, tarball: https://registry.npmmirror.com/make-dir/-/make-dir-3.1.0.tgz}
    name: make-dir
    version: 3.1.0
    engines: {node: '>=8'}
    dependencies:
      semver: registry.npmmirror.com/semver@6.3.0
    dev: true

  registry.npmmirror.com/merge-stream@2.0.0:
    resolution: {integrity: sha512-abv/qOcuPfk3URPfDzmZU1LKmuw8kT+0nIHvKrKgFrwifol/doWcdA4ZqsWQ8ENrFKkd67Mfpo/LovbIUsbt3w==, registry: https://registry.npm.taobao.org/, tarball: https://registry.npmmirror.com/merge-stream/-/merge-stream-2.0.0.tgz}
    name: merge-stream
    version: 2.0.0
    dev: false

  registry.npmmirror.com/minimatch@5.1.6:
    resolution: {integrity: sha512-lKwV/1brpG6mBUFHtb7NUmtABCb2WZZmm2wNiOA5hAb8VdCS4B3dtMWyvcoViccwAW/COERjXLt0zP1zXUN26g==, registry: https://registry.npm.taobao.org/, tarball: https://registry.npmmirror.com/minimatch/-/minimatch-5.1.6.tgz}
    name: minimatch
    version: 5.1.6
    engines: {node: '>=10'}
    dependencies:
      brace-expansion: registry.npmmirror.com/brace-expansion@2.0.1
    dev: false

  registry.npmmirror.com/once@1.4.0:
    resolution: {integrity: sha512-lNaJgI+2Q5URQBkccEKHTQOPaXdUxnZZElQTZY0MFUAuaEqe1E+Nyvgdz/aIyNi6Z9MzO5dv1H8n58/GELp3+w==, registry: https://registry.npm.taobao.org/, tarball: https://registry.npmmirror.com/once/-/once-1.4.0.tgz}
    name: once
    version: 1.4.0
    dependencies:
      wrappy: registry.npmmirror.com/wrappy@1.0.2
    dev: false

  registry.npmmirror.com/p-limit@2.3.0:
    resolution: {integrity: sha512-//88mFWSJx8lxCzwdAABTJL2MyWB12+eIY7MDL2SqLmAkeKU9qxRvWuSyTjm3FUmpBEMuFfckAIqEaVGUDxb6w==, registry: https://registry.npm.taobao.org/, tarball: https://registry.npmmirror.com/p-limit/-/p-limit-2.3.0.tgz}
    name: p-limit
    version: 2.3.0
    engines: {node: '>=6'}
    dependencies:
      p-try: registry.npmmirror.com/p-try@2.2.0
    dev: true

  registry.npmmirror.com/p-locate@4.1.0:
    resolution: {integrity: sha512-R79ZZ/0wAxKGu3oYMlz8jy/kbhsNrS7SKZ7PxEHBgJ5+F2mtFW2fK2cOtBh1cHYkQsbzFV7I+EoRKe6Yt0oK7A==, registry: https://registry.npm.taobao.org/, tarball: https://registry.npmmirror.com/p-locate/-/p-locate-4.1.0.tgz}
    name: p-locate
    version: 4.1.0
    engines: {node: '>=8'}
    dependencies:
      p-limit: registry.npmmirror.com/p-limit@2.3.0
    dev: true

  registry.npmmirror.com/p-try@2.2.0:
    resolution: {integrity: sha512-R4nPAVTAU0B9D35/Gk3uJf/7XYbQcyohSKdvAxIRSNghFl4e71hVoGnBNQz9cWaXxO2I10KTC+3jMdvvoKw6dQ==, registry: https://registry.npm.taobao.org/, tarball: https://registry.npmmirror.com/p-try/-/p-try-2.2.0.tgz}
    name: p-try
    version: 2.2.0
    engines: {node: '>=6'}
    dev: true

  registry.npmmirror.com/path-exists@4.0.0:
    resolution: {integrity: sha512-ak9Qy5Q7jYb2Wwcey5Fpvg2KoAc/ZIhLSLOSBmRmygPsGwkVVt0fZa0qrtMz+m6tJTAHfZQ8FnmB4MG4LWy7/w==, registry: https://registry.npm.taobao.org/, tarball: https://registry.npmmirror.com/path-exists/-/path-exists-4.0.0.tgz}
    name: path-exists
    version: 4.0.0
    engines: {node: '>=8'}
    dev: true

  registry.npmmirror.com/path-parse@1.0.7:
    resolution: {integrity: sha512-LDJzPVEEEPR+y48z93A0Ed0yXb8pAByGWo/k5YYdYgpY2/2EsOsksJrq7lOHxryrVOn1ejG6oAp8ahvOIQD8sw==, registry: https://registry.npm.taobao.org/, tarball: https://registry.npmmirror.com/path-parse/-/path-parse-1.0.7.tgz}
    name: path-parse
    version: 1.0.7
    dev: false

  registry.npmmirror.com/picomatch@2.3.1:
    resolution: {integrity: sha512-JU3teHTNjmE2VCGFzuY8EXzCDVwEqB2a8fsIvwaStHhAWJEeVd1o1QD80CU6+ZdEXXSLbSsuLwJjkCBWqRQUVA==, registry: https://registry.npm.taobao.org/, tarball: https://registry.npmmirror.com/picomatch/-/picomatch-2.3.1.tgz}
    name: picomatch
    version: 2.3.1
    engines: {node: '>=8.6'}

  registry.npmmirror.com/pkg-dir@4.2.0:
    resolution: {integrity: sha512-HRDzbaKjC+AOWVXxAU/x54COGeIv9eb+6CkDSQoNTt4XyWoIJvuPsXizxu/Fr23EiekbtZwmh1IcIG/l/a10GQ==, registry: https://registry.npm.taobao.org/, tarball: https://registry.npmmirror.com/pkg-dir/-/pkg-dir-4.2.0.tgz}
    name: pkg-dir
    version: 4.2.0
    engines: {node: '>=8'}
    dependencies:
      find-up: registry.npmmirror.com/find-up@4.1.0
    dev: true

  registry.npmmirror.com/resolve@1.22.2:
    resolution: {integrity: sha512-Sb+mjNHOULsBv818T40qSPeRiuWLyaGMa5ewydRLFimneixmVy2zdivRl+AF6jaYPC8ERxGDmFSiqui6SfPd+g==, registry: https://registry.npm.taobao.org/, tarball: https://registry.npmmirror.com/resolve/-/resolve-1.22.2.tgz}
    name: resolve
    version: 1.22.2
    hasBin: true
    dependencies:
      is-core-module: registry.npmmirror.com/is-core-module@2.12.1
      path-parse: registry.npmmirror.com/path-parse@1.0.7
      supports-preserve-symlinks-flag: registry.npmmirror.com/supports-preserve-symlinks-flag@1.0.0
    dev: false

  registry.npmmirror.com/rollup-plugin-dts@5.3.0(rollup@2.78.0)(typescript@4.9.4):
    resolution: {integrity: sha512-8FXp0ZkyZj1iU5klkIJYLjIq/YZSwBoERu33QBDxm/1yw5UU4txrEtcmMkrq+ZiKu3Q4qvPCNqc3ovX6rjqzbQ==, registry: https://registry.npm.taobao.org/, tarball: https://registry.npmmirror.com/rollup-plugin-dts/-/rollup-plugin-dts-5.3.0.tgz}
    id: registry.npmmirror.com/rollup-plugin-dts/5.3.0
    name: rollup-plugin-dts
    version: 5.3.0
    engines: {node: '>=v14'}
    peerDependencies:
      rollup: ^3.0.0
      typescript: ^4.1 || ^5.0
    dependencies:
      magic-string: registry.npmmirror.com/magic-string@0.30.0
      rollup: registry.npmmirror.com/rollup@2.78.0
      typescript: registry.npmmirror.com/typescript@4.9.4
    optionalDependencies:
      '@babel/code-frame': registry.npmmirror.com/@babel/code-frame@7.21.4
    dev: false

  registry.npmmirror.com/rollup-plugin-typescript2@0.34.1(rollup@2.78.0)(typescript@4.9.4):
    resolution: {integrity: sha512-P4cHLtGikESmqi1CA+tdMDUv8WbQV48mzPYt77TSTOPJpERyZ9TXdDgjSDix8Fkqce6soYz3+fa4lrC93IEkcw==, registry: https://registry.npm.taobao.org/, tarball: https://registry.npmmirror.com/rollup-plugin-typescript2/-/rollup-plugin-typescript2-0.34.1.tgz}
    id: registry.npmmirror.com/rollup-plugin-typescript2/0.34.1
    name: rollup-plugin-typescript2
    version: 0.34.1
    peerDependencies:
      rollup: '>=1.26.3'
      typescript: '>=2.4.0'
    dependencies:
      '@rollup/pluginutils': registry.npmmirror.com/@rollup/pluginutils@4.2.1
      find-cache-dir: registry.npmmirror.com/find-cache-dir@3.3.2
      fs-extra: registry.npmmirror.com/fs-extra@10.1.0
      rollup: registry.npmmirror.com/rollup@2.78.0
      semver: registry.npmmirror.com/semver@7.5.1
      tslib: registry.npmmirror.com/tslib@2.5.3
      typescript: registry.npmmirror.com/typescript@4.9.4
    dev: true

  registry.npmmirror.com/rollup-plugin-uglify@6.0.4(rollup@2.78.0):
    resolution: {integrity: sha512-ddgqkH02klveu34TF0JqygPwZnsbhHVI6t8+hGTcYHngPkQb5MIHI0XiztXIN/d6V9j+efwHAqEL7LspSxQXGw==, registry: https://registry.npm.taobao.org/, tarball: https://registry.npmmirror.com/rollup-plugin-uglify/-/rollup-plugin-uglify-6.0.4.tgz}
    id: registry.npmmirror.com/rollup-plugin-uglify/6.0.4
    name: rollup-plugin-uglify
    version: 6.0.4
    peerDependencies:
      rollup: '>=0.66.0 <2'
    dependencies:
      '@babel/code-frame': registry.npmmirror.com/@babel/code-frame@7.21.4
      jest-worker: registry.npmmirror.com/jest-worker@24.9.0
      rollup: registry.npmmirror.com/rollup@2.78.0
      serialize-javascript: registry.npmmirror.com/serialize-javascript@2.1.2
      uglify-js: registry.npmmirror.com/uglify-js@3.17.4
    dev: false

  registry.npmmirror.com/rollup@2.78.0:
    resolution: {integrity: sha512-4+YfbQC9QEVvKTanHhIAFVUFSRsezvQF8vFOJwtGfb9Bb+r014S+qryr9PSmw8x6sMnPkmFBGAvIFVQxvJxjtg==, registry: https://registry.npm.taobao.org/, tarball: https://registry.npmmirror.com/rollup/-/rollup-2.78.0.tgz}
    name: rollup
    version: 2.78.0
    engines: {node: '>=10.0.0'}
    hasBin: true
    optionalDependencies:
      fsevents: registry.npmmirror.com/fsevents@2.3.2

  registry.npmmirror.com/semver@6.3.0:
    resolution: {integrity: sha512-b39TBaTSfV6yBrapU89p5fKekE2m/NwnDocOVruQFS1/veMgdzuPcnOM34M6CwxW8jH/lxEa5rBoDeUwu5HHTw==, registry: https://registry.npm.taobao.org/, tarball: https://registry.npmmirror.com/semver/-/semver-6.3.0.tgz}
    name: semver
    version: 6.3.0
    hasBin: true
    dev: true

  registry.npmmirror.com/semver@7.5.1:
    resolution: {integrity: sha512-Wvss5ivl8TMRZXXESstBA4uR5iXgEN/VC5/sOcuXdVLzcdkz4HWetIoRfG5gb5X+ij/G9rw9YoGn3QoQ8OCSpw==, registry: https://registry.npm.taobao.org/, tarball: https://registry.npmmirror.com/semver/-/semver-7.5.1.tgz}
    name: semver
    version: 7.5.1
    engines: {node: '>=10'}
    hasBin: true
    dependencies:
      lru-cache: registry.npmmirror.com/lru-cache@6.0.0
    dev: true

  registry.npmmirror.com/serialize-javascript@2.1.2:
    resolution: {integrity: sha512-rs9OggEUF0V4jUSecXazOYsLfu7OGK2qIn3c7IPBiffz32XniEp/TX9Xmc9LQfK2nQ2QKHvZ2oygKUGU0lG4jQ==, registry: https://registry.npm.taobao.org/, tarball: https://registry.npmmirror.com/serialize-javascript/-/serialize-javascript-2.1.2.tgz}
    name: serialize-javascript
    version: 2.1.2
    dev: false

  registry.npmmirror.com/supports-color@5.5.0:
    resolution: {integrity: sha512-QjVjwdXIt408MIiAqCX4oUKsgU2EqAGzs2Ppkm4aQYbjm+ZEWEcW4SfFNTr4uMNZma0ey4f5lgLrkB0aX0QMow==, registry: https://registry.npm.taobao.org/, tarball: https://registry.npmmirror.com/supports-color/-/supports-color-5.5.0.tgz}
    name: supports-color
    version: 5.5.0
    engines: {node: '>=4'}
    dependencies:
      has-flag: registry.npmmirror.com/has-flag@3.0.0
    dev: false

  registry.npmmirror.com/supports-color@6.1.0:
    resolution: {integrity: sha512-qe1jfm1Mg7Nq/NSh6XE24gPXROEVsWHxC1LIx//XNlD9iw7YZQGjZNjYN7xGaEG6iKdA8EtNFW6R0gjnVXp+wQ==, registry: https://registry.npm.taobao.org/, tarball: https://registry.npmmirror.com/supports-color/-/supports-color-6.1.0.tgz}
    name: supports-color
    version: 6.1.0
    engines: {node: '>=6'}
    dependencies:
      has-flag: registry.npmmirror.com/has-flag@3.0.0
    dev: false

  registry.npmmirror.com/supports-preserve-symlinks-flag@1.0.0:
    resolution: {integrity: sha512-ot0WnXS9fgdkgIcePe6RHNk1WA8+muPa6cSjeR3V8K27q9BB1rTE3R1p7Hv0z1ZyAc8s6Vvv8DIyWf681MAt0w==, registry: https://registry.npm.taobao.org/, tarball: https://registry.npmmirror.com/supports-preserve-symlinks-flag/-/supports-preserve-symlinks-flag-1.0.0.tgz}
    name: supports-preserve-symlinks-flag
    version: 1.0.0
    engines: {node: '>= 0.4'}
    dev: false

  registry.npmmirror.com/tslib@2.5.3:
    resolution: {integrity: sha512-mSxlJJwl3BMEQCUNnxXBU9jP4JBktcEGhURcPR6VQVlnP0FdDEsIaz0C35dXNGLyRfrATNofF0F5p2KPxQgB+w==, registry: https://registry.npm.taobao.org/, tarball: https://registry.npmmirror.com/tslib/-/tslib-2.5.3.tgz}
    name: tslib
    version: 2.5.3
    dev: true

  registry.npmmirror.com/typescript@4.9.4:
    resolution: {integrity: sha512-Uz+dTXYzxXXbsFpM86Wh3dKCxrQqUcVMxwU54orwlJjOpO3ao8L7j5lH+dWfTwgCwIuM9GQ2kvVotzYJMXTBZg==, registry: https://registry.npm.taobao.org/, tarball: https://registry.npmmirror.com/typescript/-/typescript-4.9.4.tgz}
    name: typescript
    version: 4.9.4
    engines: {node: '>=4.2.0'}
    hasBin: true

  registry.npmmirror.com/uglify-js@3.17.4:
    resolution: {integrity: sha512-T9q82TJI9e/C1TAxYvfb16xO120tMVFZrGA3f9/P4424DNu6ypK103y0GPFVa17yotwSyZW5iYXgjYHkGrJW/g==, registry: https://registry.npm.taobao.org/, tarball: https://registry.npmmirror.com/uglify-js/-/uglify-js-3.17.4.tgz}
    name: uglify-js
    version: 3.17.4
    engines: {node: '>=0.8.0'}
    hasBin: true
    dev: false

  registry.npmmirror.com/universalify@2.0.0:
    resolution: {integrity: sha512-hAZsKq7Yy11Zu1DE0OzWjw7nnLZmJZYTDZZyEFHZdUhV8FkH5MCfoU1XMaxXovpyW5nq5scPqq0ZDP9Zyl04oQ==, registry: https://registry.npm.taobao.org/, tarball: https://registry.npmmirror.com/universalify/-/universalify-2.0.0.tgz}
    name: universalify
    version: 2.0.0
    engines: {node: '>= 10.0.0'}
    dev: true

  registry.npmmirror.com/wrappy@1.0.2:
    resolution: {integrity: sha512-l4Sp/DRseor9wL6EvV2+TuQn63dMkPjZ/sp9XkghTEbV9KlPS1xUsZ3u7/IQO4wxtcFB4bgpQPRcR3QCvezPcQ==, registry: https://registry.npm.taobao.org/, tarball: https://registry.npmmirror.com/wrappy/-/wrappy-1.0.2.tgz}
    name: wrappy
    version: 1.0.2
    dev: false

  registry.npmmirror.com/yallist@4.0.0:
    resolution: {integrity: sha512-3wdGidZyq5PB084XLES5TpOSRA3wjXAlIWMhum2kRcv/41Sn2emQ0dycQW4uZXLejwKvg6EsvbdlVL+FYEct7A==, registry: https://registry.npm.taobao.org/, tarball: https://registry.npmmirror.com/yallist/-/yallist-4.0.0.tgz}
    name: yallist
    version: 4.0.0
    dev: true
